// !$*UTF8*$!
{
	archiveVersion = 1;
	classes = {
	};
	objectVersion = 48;
	objects = {

/* Begin PBXBuildFile section */
		382CA5BD20736D8E001E882C /* AppDelegate.swift in Sources */ = {isa = PBXBuildFile; fileRef = 382CA5BC20736D8E001E882C /* AppDelegate.swift */; };
		382CA5BF20736D8E001E882C /* ViewController.swift in Sources */ = {isa = PBXBuildFile; fileRef = 382CA5BE20736D8E001E882C /* ViewController.swift */; };
		382CA5C220736D8E001E882C /* Main.storyboard in Resources */ = {isa = PBXBuildFile; fileRef = 382CA5C020736D8E001E882C /* Main.storyboard */; };
		382CA5C420736D8E001E882C /* Assets.xcassets in Resources */ = {isa = PBXBuildFile; fileRef = 382CA5C320736D8E001E882C /* Assets.xcassets */; };
		382CA5C720736D8E001E882C /* LaunchScreen.storyboard in Resources */ = {isa = PBXBuildFile; fileRef = 382CA5C520736D8E001E882C /* LaunchScreen.storyboard */; };
		382CA5D420736DA6001E882C /* PlainPing.swift in Sources */ = {isa = PBXBuildFile; fileRef = 382CA5D020736DA6001E882C /* PlainPing.swift */; };
		382CA5D620736DA6001E882C /* SimplePingAdapter.swift in Sources */ = {isa = PBXBuildFile; fileRef = 382CA5D320736DA6001E882C /* SimplePingAdapter.swift */; };
		382CA5DA20736E0E001E882C /* SimplePing.m in Sources */ = {isa = PBXBuildFile; fileRef = 382CA5D820736E0E001E882C /* SimplePing.m */; };
/* End PBXBuildFile section */

/* Begin PBXFileReference section */
		382CA5B920736D8E001E882C /* iOS-Ping.app */ = {isa = PBXFileReference; explicitFileType = wrapper.application; includeInIndex = 0; path = "iOS-Ping.app"; sourceTree = BUILT_PRODUCTS_DIR; };
		382CA5BC20736D8E001E882C /* AppDelegate.swift */ = {isa = PBXFileReference; lastKnownFileType = sourcecode.swift; path = AppDelegate.swift; sourceTree = "<group>"; };
		382CA5BE20736D8E001E882C /* ViewController.swift */ = {isa = PBXFileReference; lastKnownFileType = sourcecode.swift; path = ViewController.swift; sourceTree = "<group>"; };
		382CA5C120736D8E001E882C /* Base */ = {isa = PBXFileReference; lastKnownFileType = file.storyboard; name = Base; path = Base.lproj/Main.storyboard; sourceTree = "<group>"; };
		382CA5C320736D8E001E882C /* Assets.xcassets */ = {isa = PBXFileReference; lastKnownFileType = folder.assetcatalog; path = Assets.xcassets; sourceTree = "<group>"; };
		382CA5C620736D8E001E882C /* Base */ = {isa = PBXFileReference; lastKnownFileType = file.storyboard; name = Base; path = Base.lproj/LaunchScreen.storyboard; sourceTree = "<group>"; };
		382CA5C820736D8E001E882C /* Info.plist */ = {isa = PBXFileReference; lastKnownFileType = text.plist.xml; path = Info.plist; sourceTree = "<group>"; };
		382CA5D020736DA6001E882C /* PlainPing.swift */ = {isa = PBXFileReference; fileEncoding = 4; lastKnownFileType = sourcecode.swift; path = PlainPing.swift; sourceTree = "<group>"; };
		382CA5D320736DA6001E882C /* SimplePingAdapter.swift */ = {isa = PBXFileReference; fileEncoding = 4; lastKnownFileType = sourcecode.swift; path = SimplePingAdapter.swift; sourceTree = "<group>"; };
		382CA5D720736E0D001E882C /* iOS-Ping-Bridging-Header.h */ = {isa = PBXFileReference; lastKnownFileType = sourcecode.c.h; path = "iOS-Ping-Bridging-Header.h"; sourceTree = "<group>"; };
		382CA5D820736E0E001E882C /* SimplePing.m */ = {isa = PBXFileReference; fileEncoding = 4; lastKnownFileType = sourcecode.c.objc; path = SimplePing.m; sourceTree = "<group>"; };
		382CA5D920736E0E001E882C /* SimplePing.h */ = {isa = PBXFileReference; fileEncoding = 4; lastKnownFileType = sourcecode.c.h; path = SimplePing.h; sourceTree = "<group>"; };
/* End PBXFileReference section */

/* Begin PBXFrameworksBuildPhase section */
		382CA5B620736D8E001E882C /* Frameworks */ = {
			isa = PBXFrameworksBuildPhase;
			buildActionMask = 2147483647;
			files = (
			);
			runOnlyForDeploymentPostprocessing = 0;
		};
/* End PBXFrameworksBuildPhase section */

/* Begin PBXGroup section */
		382CA5B020736D8E001E882C = {
			isa = PBXGroup;
			children = (
				382CA5CE20736DA6001E882C /* Common */,
				382CA5BB20736D8E001E882C /* iOS-Ping */,
				382CA5BA20736D8E001E882C /* Products */,
			);
			sourceTree = "<group>";
		};
		382CA5BA20736D8E001E882C /* Products */ = {
			isa = PBXGroup;
			children = (
				382CA5B920736D8E001E882C /* iOS-Ping.app */,
			);
			name = Products;
			sourceTree = "<group>";
		};
		382CA5BB20736D8E001E882C /* iOS-Ping */ = {
			isa = PBXGroup;
			children = (
				382CA5BC20736D8E001E882C /* AppDelegate.swift */,
				382CA5BE20736D8E001E882C /* ViewController.swift */,
				382CA5C020736D8E001E882C /* Main.storyboard */,
				382CA5C320736D8E001E882C /* Assets.xcassets */,
				382CA5C520736D8E001E882C /* LaunchScreen.storyboard */,
				382CA5C820736D8E001E882C /* Info.plist */,
			);
			path = "iOS-Ping";
			sourceTree = "<group>";
		};
		382CA5CE20736DA6001E882C /* Common */ = {
			isa = PBXGroup;
			children = (
				382CA5D920736E0E001E882C /* SimplePing.h */,
				382CA5D820736E0E001E882C /* SimplePing.m */,
				382CA5D020736DA6001E882C /* PlainPing.swift */,
				382CA5D320736DA6001E882C /* SimplePingAdapter.swift */,
				382CA5D720736E0D001E882C /* iOS-Ping-Bridging-Header.h */,
			);
			path = Common;
			sourceTree = "<group>";
		};
/* End PBXGroup section */

/* Begin PBXNativeTarget section */
		382CA5B820736D8E001E882C /* iOS-Ping */ = {
			isa = PBXNativeTarget;
			buildConfigurationList = 382CA5CB20736D8E001E882C /* Build configuration list for PBXNativeTarget "iOS-Ping" */;
			buildPhases = (
				382CA5B520736D8E001E882C /* Sources */,
				382CA5B620736D8E001E882C /* Frameworks */,
				382CA5B720736D8E001E882C /* Resources */,
			);
			buildRules = (
			);
			dependencies = (
			);
			name = "iOS-Ping";
			productName = "iOS-Ping";
			productReference = 382CA5B920736D8E001E882C /* iOS-Ping.app */;
			productType = "com.apple.product-type.application";
		};
/* End PBXNativeTarget section */

/* Begin PBXProject section */
		382CA5B120736D8E001E882C /* Project object */ = {
			isa = PBXProject;
			attributes = {
				LastSwiftUpdateCheck = 0920;
				LastUpgradeCheck = 0920;
				ORGANIZATIONNAME = Artemis;
				TargetAttributes = {
					382CA5B820736D8E001E882C = {
						CreatedOnToolsVersion = 9.2;
						LastSwiftMigration = 0920;
						ProvisioningStyle = Automatic;
					};
				};
			};
			buildConfigurationList = 382CA5B420736D8E001E882C /* Build configuration list for PBXProject "iOS-Ping" */;
			compatibilityVersion = "Xcode 8.0";
			developmentRegion = en;
			hasScannedForEncodings = 0;
			knownRegions = (
				en,
				Base,
			);
			mainGroup = 382CA5B020736D8E001E882C;
			productRefGroup = 382CA5BA20736D8E001E882C /* Products */;
			projectDirPath = "";
			projectRoot = "";
			targets = (
				382CA5B820736D8E001E882C /* iOS-Ping */,
			);
		};
/* End PBXProject section */

/* Begin PBXResourcesBuildPhase section */
		382CA5B720736D8E001E882C /* Resources */ = {
			isa = PBXResourcesBuildPhase;
			buildActionMask = 2147483647;
			files = (
				382CA5C720736D8E001E882C /* LaunchScreen.storyboard in Resources */,
				382CA5C420736D8E001E882C /* Assets.xcassets in Resources */,
				382CA5C220736D8E001E882C /* Main.storyboard in Resources */,
			);
			runOnlyForDeploymentPostprocessing = 0;
		};
/* End PBXResourcesBuildPhase section */

/* Begin PBXSourcesBuildPhase section */
		382CA5B520736D8E001E882C /* Sources */ = {
			isa = PBXSourcesBuildPhase;
			buildActionMask = 2147483647;
			files = (
				382CA5BF20736D8E001E882C /* ViewController.swift in Sources */,
				382CA5D420736DA6001E882C /* PlainPing.swift in Sources */,
				382CA5D620736DA6001E882C /* SimplePingAdapter.swift in Sources */,
				382CA5DA20736E0E001E882C /* SimplePing.m in Sources */,
				382CA5BD20736D8E001E882C /* AppDelegate.swift in Sources */,
			);
			runOnlyForDeploymentPostprocessing = 0;
		};
/* End PBXSourcesBuildPhase section */

/* Begin PBXVariantGroup section */
		382CA5C020736D8E001E882C /* Main.storyboard */ = {
			isa = PBXVariantGroup;
			children = (
				382CA5C120736D8E001E882C /* Base */,
			);
			name = Main.storyboard;
			sourceTree = "<group>";
		};
		382CA5C520736D8E001E882C /* LaunchScreen.storyboard */ = {
			isa = PBXVariantGroup;
			children = (
				382CA5C620736D8E001E882C /* Base */,
			);
			name = LaunchScreen.storyboard;
			sourceTree = "<group>";
		};
/* End PBXVariantGroup section */

/* Begin XCBuildConfiguration section */
		382CA5C920736D8E001E882C /* Debug */ = {
			isa = XCBuildConfiguration;
			buildSettings = {
				ALWAYS_SEARCH_USER_PATHS = NO;
				CLANG_ANALYZER_NONNULL = YES;
				CLANG_ANALYZER_NUMBER_OBJECT_CONVERSION = YES_AGGRESSIVE;
				CLANG_CXX_LANGUAGE_STANDARD = "gnu++14";
				CLANG_CXX_LIBRARY = "libc++";
				CLANG_ENABLE_MODULES = YES;
				CLANG_ENABLE_OBJC_ARC = YES;
				CLANG_WARN_BLOCK_CAPTURE_AUTORELEASING = YES;
				CLANG_WARN_BOOL_CONVERSION = YES;
				CLANG_WARN_COMMA = YES;
				CLANG_WARN_CONSTANT_CONVERSION = YES;
				CLANG_WARN_DIRECT_OBJC_ISA_USAGE = YES_ERROR;
				CLANG_WARN_DOCUMENTATION_COMMENTS = YES;
				CLANG_WARN_EMPTY_BODY = YES;
				CLANG_WARN_ENUM_CONVERSION = YES;
				CLANG_WARN_INFINITE_RECURSION = YES;
				CLANG_WARN_INT_CONVERSION = YES;
				CLANG_WARN_NON_LITERAL_NULL_CONVERSION = YES;
				CLANG_WARN_OBJC_LITERAL_CONVERSION = YES;
				CLANG_WARN_OBJC_ROOT_CLASS = YES_ERROR;
				CLANG_WARN_RANGE_LOOP_ANALYSIS = YES;
				CLANG_WARN_STRICT_PROTOTYPES = YES;
				CLANG_WARN_SUSPICIOUS_MOVE = YES;
				CLANG_WARN_UNGUARDED_AVAILABILITY = YES_AGGRESSIVE;
				CLANG_WARN_UNREACHABLE_CODE = YES;
				CLANG_WARN__DUPLICATE_METHOD_MATCH = YES;
				CODE_SIGN_IDENTITY = "iPhone Developer";
				COPY_PHASE_STRIP = NO;
				DEBUG_INFORMATION_FORMAT = dwarf;
				ENABLE_STRICT_OBJC_MSGSEND = YES;
				ENABLE_TESTABILITY = YES;
				GCC_C_LANGUAGE_STANDARD = gnu11;
				GCC_DYNAMIC_NO_PIC = NO;
				GCC_NO_COMMON_BLOCKS = YES;
				GCC_OPTIMIZATION_LEVEL = 0;
				GCC_PREPROCESSOR_DEFINITIONS = (
					"DEBUG=1",
					"$(inherited)",
				);
				GCC_WARN_64_TO_32_BIT_CONVERSION = YES;
				GCC_WARN_ABOUT_RETURN_TYPE = YES_ERROR;
				GCC_WARN_UNDECLARED_SELECTOR = YES;
				GCC_WARN_UNINITIALIZED_AUTOS = YES_AGGRESSIVE;
				GCC_WARN_UNUSED_FUNCTION = YES;
				GCC_WARN_UNUSED_VARIABLE = YES;
				IPHONEOS_DEPLOYMENT_TARGET = 11.2;
				MTL_ENABLE_DEBUG_INFO = YES;
				ONLY_ACTIVE_ARCH = YES;
				SDKROOT = iphoneos;
				SWIFT_ACTIVE_COMPILATION_CONDITIONS = DEBUG;
				SWIFT_OPTIMIZATION_LEVEL = "-Onone";
			};
			name = Debug;
		};
		382CA5CA20736D8E001E882C /* Release */ = {
			isa = XCBuildConfiguration;
			buildSettings = {
				ALWAYS_SEARCH_USER_PATHS = NO;
				CLANG_ANALYZER_NONNULL = YES;
				CLANG_ANALYZER_NUMBER_OBJECT_CONVERSION = YES_AGGRESSIVE;
				CLANG_CXX_LANGUAGE_STANDARD = "gnu++14";
				CLANG_CXX_LIBRARY = "libc++";
				CLANG_ENABLE_MODULES = YES;
				CLANG_ENABLE_OBJC_ARC = YES;
				CLANG_WARN_BLOCK_CAPTURE_AUTORELEASING = YES;
				CLANG_WARN_BOOL_CONVERSION = YES;
				CLANG_WARN_COMMA = YES;
				CLANG_WARN_CONSTANT_CONVERSION = YES;
				CLANG_WARN_DIRECT_OBJC_ISA_USAGE = YES_ERROR;
				CLANG_WARN_DOCUMENTATION_COMMENTS = YES;
				CLANG_WARN_EMPTY_BODY = YES;
				CLANG_WARN_ENUM_CONVERSION = YES;
				CLANG_WARN_INFINITE_RECURSION = YES;
				CLANG_WARN_INT_CONVERSION = YES;
				CLANG_WARN_NON_LITERAL_NULL_CONVERSION = YES;
				CLANG_WARN_OBJC_LITERAL_CONVERSION = YES;
				CLANG_WARN_OBJC_ROOT_CLASS = YES_ERROR;
				CLANG_WARN_RANGE_LOOP_ANALYSIS = YES;
				CLANG_WARN_STRICT_PROTOTYPES = YES;
				CLANG_WARN_SUSPICIOUS_MOVE = YES;
				CLANG_WARN_UNGUARDED_AVAILABILITY = YES_AGGRESSIVE;
				CLANG_WARN_UNREACHABLE_CODE = YES;
				CLANG_WARN__DUPLICATE_METHOD_MATCH = YES;
				CODE_SIGN_IDENTITY = "iPhone Developer";
				COPY_PHASE_STRIP = NO;
				DEBUG_INFORMATION_FORMAT = "dwarf-with-dsym";
				ENABLE_NS_ASSERTIONS = NO;
				ENABLE_STRICT_OBJC_MSGSEND = YES;
				GCC_C_LANGUAGE_STANDARD = gnu11;
				GCC_NO_COMMON_BLOCKS = YES;
				GCC_WARN_64_TO_32_BIT_CONVERSION = YES;
				GCC_WARN_ABOUT_RETURN_TYPE = YES_ERROR;
				GCC_WARN_UNDECLARED_SELECTOR = YES;
				GCC_WARN_UNINITIALIZED_AUTOS = YES_AGGRESSIVE;
				GCC_WARN_UNUSED_FUNCTION = YES;
				GCC_WARN_UNUSED_VARIABLE = YES;
				IPHONEOS_DEPLOYMENT_TARGET = 11.2;
				MTL_ENABLE_DEBUG_INFO = NO;
				SDKROOT = iphoneos;
				SWIFT_OPTIMIZATION_LEVEL = "-Owholemodule";
				VALIDATE_PRODUCT = YES;
			};
			name = Release;
		};
		382CA5CC20736D8E001E882C /* Debug */ = {
			isa = XCBuildConfiguration;
			buildSettings = {
				ASSETCATALOG_COMPILER_APPICON_NAME = AppIcon;
				CLANG_ENABLE_MODULES = YES;
				CODE_SIGN_STYLE = Automatic;
				DEVELOPMENT_TEAM = X4JFD87CTD;
				INFOPLIST_FILE = "iOS-Ping/Info.plist";
				LD_RUNPATH_SEARCH_PATHS = "$(inherited) @executable_path/Frameworks";
				PRODUCT_BUNDLE_IDENTIFIER = "com.Artemis.iOS-Ping";
				PRODUCT_NAME = "$(TARGET_NAME)";
				SWIFT_OBJC_BRIDGING_HEADER = "Common/iOS-Ping-Bridging-Header.h";
				SWIFT_OPTIMIZATION_LEVEL = "-Onone";
				SWIFT_VERSION = 4.0;
				TARGETED_DEVICE_FAMILY = "1,2";
			};
			name = Debug;
		};
		382CA5CD20736D8E001E882C /* Release */ = {
			isa = XCBuildConfiguration;
			buildSettings = {
				ASSETCATALOG_COMPILER_APPICON_NAME = AppIcon;
				CLANG_ENABLE_MODULES = YES;
				CODE_SIGN_STYLE = Automatic;
				DEVELOPMENT_TEAM = X4JFD87CTD;
				INFOPLIST_FILE = "iOS-Ping/Info.plist";
				LD_RUNPATH_SEARCH_PATHS = "$(inherited) @executable_path/Frameworks";
				PRODUCT_BUNDLE_IDENTIFIER = "com.Artemis.iOS-Ping";
				PRODUCT_NAME = "$(TARGET_NAME)";
				SWIFT_OBJC_BRIDGING_HEADER = "Common/iOS-Ping-Bridging-Header.h";
				SWIFT_VERSION = 4.0;
				TARGETED_DEVICE_FAMILY = "1,2";
			};
			name = Release;
		};
/* End XCBuildConfiguration section */

/* Begin XCConfigurationList section */
		382CA5B420736D8E001E882C /* Build configuration list for PBXProject "iOS-Ping" */ = {
			isa = XCConfigurationList;
			buildConfigurations = (
				382CA5C920736D8E001E882C /* Debug */,
				382CA5CA20736D8E001E882C /* Release */,
			);
			defaultConfigurationIsVisible = 0;
			defaultConfigurationName = Release;
		};
		382CA5CB20736D8E001E882C /* Build configuration list for PBXNativeTarget "iOS-Ping" */ = {
			isa = XCConfigurationList;
			buildConfigurations = (
				382CA5CC20736D8E001E882C /* Debug */,
				382CA5CD20736D8E001E882C /* Release */,
			);
			defaultConfigurationIsVisible = 0;
			defaultConfigurationName = Release;
		};
/* End XCConfigurationList section */
	};
	rootObject = 382CA5B120736D8E001E882C /* Project object */;
}
